
Microsoft Visual Studio Solution File, Format Version 12.00
# Visual Studio Version 17
VisualStudioVersion = 17.11.35327.3
MinimumVisualStudioVersion = 10.0.40219.1
Project("{FAE04EC0-301F-11D3-BF4B-00C04F79EFBC}") = "ShoppingCartManagement", "ShoppingCartManagement.csproj", "{04FAE795-4710-43C2-A009-75EA3DE19AB2}"
EndProject
Project("{2150E333-8FDC-42A3-9474-1A3956D46DE8}") = "src", "src", "{A1023CF6-994B-4562-8BEC-06F1EC226579}"
EndProject
Project("{2150E333-8FDC-42A3-9474-1A3956D46DE8}") = "tests", "tests", "{DE9816A6-7FA4-4B6B-91F9-A71F67088905}"
EndProject
Project("{2150E333-8FDC-42A3-9474-1A3956D46DE8}") = "Domain", "Domain", "{5DF6748C-8E63-4F2B-B90C-5B85CFFDE828}"
EndProject
Project("{2150E333-8FDC-42A3-9474-1A3956D46DE8}") = "Application", "Application", "{502A8510-DA7B-4EFA-AA6A-A3D54E98A11A}"
EndProject
Project("{2150E333-8FDC-42A3-9474-1A3956D46DE8}") = "Infrastructure", "Infrastructure", "{B6BB14F6-C306-426B-A8C6-7F7D4C8C60E4}"
EndProject
Project("{2150E333-8FDC-42A3-9474-1A3956D46DE8}") = "WebAPI", "WebAPI", "{3D2C1E27-94E0-4163-8257-9CAFB7B40464}"
EndProject
Project("{FAE04EC0-301F-11D3-BF4B-00C04F79EFBC}") = "Domain", "..\Domain\Domain.csproj", "{3D703897-58D7-4CB8-A07A-D73B0475E415}"
EndProject
Project("{FAE04EC0-301F-11D3-BF4B-00C04F79EFBC}") = "Application", "..\Application\Application.csproj", "{9527143A-B16C-4384-A10E-C4C149DF62CE}"
EndProject
Project("{FAE04EC0-301F-11D3-BF4B-00C04F79EFBC}") = "Infrastructure", "..\Infrastructure\Infrastructure.csproj", "{AC82693F-04B5-4D88-8911-4693145C578D}"
EndProject
Project("{2150E333-8FDC-42A3-9474-1A3956D46DE8}") = "IntegrationTests", "IntegrationTests", "{1E823481-197B-404D-A544-96D45ABBEA54}"
EndProject
Project("{2150E333-8FDC-42A3-9474-1A3956D46DE8}") = "UnitTests", "UnitTests", "{85D4C618-ECB2-434C-96C0-3C33C16C0AF3}"
EndProject
Global
	GlobalSection(SolutionConfigurationPlatforms) = preSolution
		Debug|Any CPU = Debug|Any CPU
		Release|Any CPU = Release|Any CPU
	EndGlobalSection
	GlobalSection(ProjectConfigurationPlatforms) = postSolution
		{04FAE795-4710-43C2-A009-75EA3DE19AB2}.Debug|Any CPU.ActiveCfg = Debug|Any CPU
		{04FAE795-4710-43C2-A009-75EA3DE19AB2}.Debug|Any CPU.Build.0 = Debug|Any CPU
		{04FAE795-4710-43C2-A009-75EA3DE19AB2}.Release|Any CPU.ActiveCfg = Release|Any CPU
		{04FAE795-4710-43C2-A009-75EA3DE19AB2}.Release|Any CPU.Build.0 = Release|Any CPU
		{3D703897-58D7-4CB8-A07A-D73B0475E415}.Debug|Any CPU.ActiveCfg = Debug|Any CPU
		{3D703897-58D7-4CB8-A07A-D73B0475E415}.Debug|Any CPU.Build.0 = Debug|Any CPU
		{3D703897-58D7-4CB8-A07A-D73B0475E415}.Release|Any CPU.ActiveCfg = Release|Any CPU
		{3D703897-58D7-4CB8-A07A-D73B0475E415}.Release|Any CPU.Build.0 = Release|Any CPU
		{9527143A-B16C-4384-A10E-C4C149DF62CE}.Debug|Any CPU.ActiveCfg = Debug|Any CPU
		{9527143A-B16C-4384-A10E-C4C149DF62CE}.Debug|Any CPU.Build.0 = Debug|Any CPU
		{9527143A-B16C-4384-A10E-C4C149DF62CE}.Release|Any CPU.ActiveCfg = Release|Any CPU
		{9527143A-B16C-4384-A10E-C4C149DF62CE}.Release|Any CPU.Build.0 = Release|Any CPU
		{AC82693F-04B5-4D88-8911-4693145C578D}.Debug|Any CPU.ActiveCfg = Debug|Any CPU
		{AC82693F-04B5-4D88-8911-4693145C578D}.Debug|Any CPU.Build.0 = Debug|Any CPU
		{AC82693F-04B5-4D88-8911-4693145C578D}.Release|Any CPU.ActiveCfg = Release|Any CPU
		{AC82693F-04B5-4D88-8911-4693145C578D}.Release|Any CPU.Build.0 = Release|Any CPU
	EndGlobalSection
	GlobalSection(SolutionProperties) = preSolution
		HideSolutionNode = FALSE
	EndGlobalSection
	GlobalSection(NestedProjects) = preSolution
		{04FAE795-4710-43C2-A009-75EA3DE19AB2} = {3D2C1E27-94E0-4163-8257-9CAFB7B40464}
		{5DF6748C-8E63-4F2B-B90C-5B85CFFDE828} = {A1023CF6-994B-4562-8BEC-06F1EC226579}
		{502A8510-DA7B-4EFA-AA6A-A3D54E98A11A} = {A1023CF6-994B-4562-8BEC-06F1EC226579}
		{B6BB14F6-C306-426B-A8C6-7F7D4C8C60E4} = {A1023CF6-994B-4562-8BEC-06F1EC226579}
		{3D2C1E27-94E0-4163-8257-9CAFB7B40464} = {A1023CF6-994B-4562-8BEC-06F1EC226579}
		{3D703897-58D7-4CB8-A07A-D73B0475E415} = {5DF6748C-8E63-4F2B-B90C-5B85CFFDE828}
		{9527143A-B16C-4384-A10E-C4C149DF62CE} = {502A8510-DA7B-4EFA-AA6A-A3D54E98A11A}
		{AC82693F-04B5-4D88-8911-4693145C578D} = {B6BB14F6-C306-426B-A8C6-7F7D4C8C60E4}
		{1E823481-197B-404D-A544-96D45ABBEA54} = {DE9816A6-7FA4-4B6B-91F9-A71F67088905}
		{85D4C618-ECB2-434C-96C0-3C33C16C0AF3} = {DE9816A6-7FA4-4B6B-91F9-A71F67088905}
	EndGlobalSection
	GlobalSection(ExtensibilityGlobals) = postSolution
		SolutionGuid = {6F1384B8-B095-4947-8A17-AC7C0C817DF7}
	EndGlobalSection
EndGlobal
